
Microsoft Visual Studio Solution File, Format Version 12.00
# Visual Studio Version 17
VisualStudioVersion = 17.13.35806.99 d17.13
MinimumVisualStudioVersion = 10.0.40219.1
Project("{FAE04EC0-301F-11D3-BF4B-00C04F79EFBC}") = "Project1", "Project1\Project1.csproj", "{D180BAE2-5DE8-4FBE-951F-6E687AB4DBAB}"
EndProject
Global
	GlobalSection(SolutionConfigurationPlatforms) = preSolution
		Debug|Any CPU = Debug|Any CPU
		Release|Any CPU = Release|Any CPU
	EndGlobalSection
	GlobalSection(ProjectConfigurationPlatforms) = postSolution
		{D180BAE2-5DE8-4FBE-951F-6E687AB4DBAB}.Debug|Any CPU.ActiveCfg = Debug|Any CPU
		{D180BAE2-5DE8-4FBE-951F-6E687AB4DBAB}.Debug|Any CPU.Build.0 = Debug|Any CPU
		{D180BAE2-5DE8-4FBE-951F-6E687AB4DBAB}.Release|Any CPU.ActiveCfg = Release|Any CPU
		{D180BAE2-5DE8-4FBE-951F-6E687AB4DBAB}.Release|Any CPU.Build.0 = Release|Any CPU
	EndGlobalSection
	GlobalSection(SolutionProperties) = preSolution
		HideSolutionNode = FALSE
	EndGlobalSection
	GlobalSection(ExtensibilityGlobals) = postSolution
		SolutionGuid = {57F1F039-DA92-4BD3-80E8-119F621C0F2C}
	EndGlobalSection
EndGlobal
